# This file is autogenerated, do not edit; changes may be undone by the next 'dep ensure'.


[[projects]]
  name = "github.com/stretchr/testify"
  packages = ["assert"]
  revision = "2160c81a963bc827f650a9d420263d05d35bb97e"

[solve-meta]
  analyzer-name = "dep"
  analyzer-version = 1
  inputs-digest = "c940d1337f45f8152f2f5a9070e0260267261b8089ca6aeab1020e71dfb4253d"
  solver-name = "gps-cdcl"
  solver-version = 1
